
Microsoft Visual Studio Solution File, Format Version 12.00
# Visual Studio Version 17
VisualStudioVersion = 17.4.33110.190
MinimumVisualStudioVersion = 10.0.40219.1
Project("{9A19103F-16F7-4668-BE54-9A1E7A4F7556}") = "MergeDataCustomer", "MergeDataCustomer\MergeDataCustomer.csproj", "{09A95C51-D7FD-4486-B849-A9EA8D82E096}"
EndProject
Project("{9A19103F-16F7-4668-BE54-9A1E7A4F7556}") = "MergeDataImporter", "..\MergeDataImporter\MergeDataImporter\MergeDataImporter.csproj", "{21079CCC-8C14-4E50-80C7-C84333E92090}"
EndProject
Project("{9A19103F-16F7-4668-BE54-9A1E7A4F7556}") = "MergeDataEntities", "..\MergeDataImporter\MergeDataEntities\MergeDataEntities.csproj", "{542F4F90-89BF-4F91-8324-0427DA489037}"
EndProject
Global
	GlobalSection(SolutionConfigurationPlatforms) = preSolution
		Debug|Any CPU = Debug|Any CPU
		Release|Any CPU = Release|Any CPU
	EndGlobalSection
	GlobalSection(ProjectConfigurationPlatforms) = postSolution
		{09A95C51-D7FD-4486-B849-A9EA8D82E096}.Debug|Any CPU.ActiveCfg = Debug|Any CPU
		{09A95C51-D7FD-4486-B849-A9EA8D82E096}.Debug|Any CPU.Build.0 = Debug|Any CPU
		{09A95C51-D7FD-4486-B849-A9EA8D82E096}.Release|Any CPU.ActiveCfg = Release|Any CPU
		{09A95C51-D7FD-4486-B849-A9EA8D82E096}.Release|Any CPU.Build.0 = Release|Any CPU
		{21079CCC-8C14-4E50-80C7-C84333E92090}.Debug|Any CPU.ActiveCfg = Debug|Any CPU
		{21079CCC-8C14-4E50-80C7-C84333E92090}.Debug|Any CPU.Build.0 = Debug|Any CPU
		{21079CCC-8C14-4E50-80C7-C84333E92090}.Release|Any CPU.ActiveCfg = Release|Any CPU
		{21079CCC-8C14-4E50-80C7-C84333E92090}.Release|Any CPU.Build.0 = Release|Any CPU
		{542F4F90-89BF-4F91-8324-0427DA489037}.Debug|Any CPU.ActiveCfg = Debug|Any CPU
		{542F4F90-89BF-4F91-8324-0427DA489037}.Debug|Any CPU.Build.0 = Debug|Any CPU
		{542F4F90-89BF-4F91-8324-0427DA489037}.Release|Any CPU.ActiveCfg = Release|Any CPU
		{542F4F90-89BF-4F91-8324-0427DA489037}.Release|Any CPU.Build.0 = Release|Any CPU
	EndGlobalSection
	GlobalSection(SolutionProperties) = preSolution
		HideSolutionNode = FALSE
	EndGlobalSection
	GlobalSection(ExtensibilityGlobals) = postSolution
		SolutionGuid = {D5936915-6400-41A3-9896-802185CB71F3}
	EndGlobalSection
EndGlobal
